{
  "name": "log",
  "version": "1.0.0",
  "lockfileVersion": 1,
  "requires": true,
  "dependencies": {
    "ip2region": {
      "version": "2.3.0",
      "resolved": "https://registry.npmmirror.com/ip2region/-/ip2region-2.3.0.tgz",
      "integrity": "sha512-zV5Xsadzrx9Ej6heoyhbXMsfGWWQ3C6bAIYStrHhw9kzLpGpVNlnAyRBxxPgxA1GNqr1Ti7oUxcWsMWNN3jZBg=="
    }
  }
}
